{
  "nodes": {
    "des-master": {
      "inputs": {
        "flakeNimbleLib": [
          "flakeNimbleLib"
        ],
        "nixpkgs": [
          "nixpkgs"
        ],
        "src-des-master": "src-des-master"
      },
      "locked": {
        "dir": "master",
        "lastModified": 1662254431,
        "narHash": "sha256-0WcjX7zvoIdDWsYEKB/K29JEJbcdyCUvk6Eg0GmHd74=",
        "owner": "nim-nix-pkgs",
        "repo": "des",
        "rev": "e92349b7b43beee44a61d18af6c2786c233f38c2",
        "type": "github"
      },
      "original": {
        "dir": "master",
        "owner": "nim-nix-pkgs",
        "ref": "master",
        "repo": "des",
        "type": "github"
      }
    },
    "flakeNimbleLib": {
      "inputs": {
        "nixpkgs": [
          "nixpkgs"
        ]
      },
      "locked": {
        "lastModified": 1662018438,
        "narHash": "sha256-QtNtU6+LX3Wokxf0zlFwKTFOcn6TeDjKQZ+DA9OYtvM=",
        "owner": "riinr",
        "repo": "nim-flakes-lib",
        "rev": "b1fe8340736e3a85d25c709ac3dfd82a55c03cbf",
        "type": "github"
      },
      "original": {
        "owner": "riinr",
        "ref": "master",
        "repo": "nim-flakes-lib",
        "type": "github"
      }
    },
    "nixpkgs": {
      "locked": {
        "lastModified": 1667110639,
        "narHash": "sha256-4FbPESZ5LbqQxkJJJBAfk/zKgF9h/4kyUwjjpJwYlbc=",
        "owner": "NixOS",
        "repo": "nixpkgs",
        "rev": "f38a1f04d1bec1feb61fd101a0539ae2002a7087",
        "type": "github"
      },
      "original": {
        "id": "nixpkgs",
        "type": "indirect"
      }
    },
    "root": {
      "inputs": {
        "des-master": "des-master",
        "flakeNimbleLib": "flakeNimbleLib",
        "nixpkgs": "nixpkgs"
      }
    },
    "src-des-master": {
      "flake": false,
      "locked": {
        "lastModified": 1569319809,
        "narHash": "sha256-zUSoPXqw6laixkMw+kzwK8Rj5IRN/UuHJMjsc/zGhrc=",
        "owner": "LucaWolf",
        "repo": "des.nim",
        "rev": "1fe5f4f88d3e5fda44ed0093024a5a162626656b",
        "type": "github"
      },
      "original": {
        "owner": "LucaWolf",
        "ref": "refs/heads/master",
        "repo": "des.nim",
        "type": "github"
      }
    }
  },
  "root": "root",
  "version": 7
}
